
Microsoft Visual Studio Solution File, Format Version 12.00
# Visual Studio 15
VisualStudioVersion = 15.0.28307.136
MinimumVisualStudioVersion = 10.0.40219.1
Project("{9A19103F-16F7-4668-BE54-9A1E7A4F7556}") = "SFA.DAS.RoatpOversight.Web", "SFA.DAS.RoatpOversight.Web\SFA.DAS.RoatpOversight.Web.csproj", "{FFE4D7E7-4719-48E6-AE74-68721588DD7A}"
EndProject
Project("{9A19103F-16F7-4668-BE54-9A1E7A4F7556}") = "SFA.DAS.RoatpOversight.Web.UnitTests", "SFA.DAS.RoatpOversight.Web.UnitTests\SFA.DAS.RoatpOversight.Web.UnitTests.csproj", "{B105B056-DA4D-4A52-9AFE-804CC26E9E5D}"
EndProject
Project("{9A19103F-16F7-4668-BE54-9A1E7A4F7556}") = "SFA.DAS.RoatpOversight.Web.Extensions", "SFA.DAS.RoatpOversight.Web.Extensions\SFA.DAS.RoatpOversight.Web.Extensions.csproj", "{EFBDB917-8BC2-4007-BD69-25EA25642098}"
EndProject
Global
	GlobalSection(SolutionConfigurationPlatforms) = preSolution
		Debug|Any CPU = Debug|Any CPU
		Release|Any CPU = Release|Any CPU
	EndGlobalSection
	GlobalSection(ProjectConfigurationPlatforms) = postSolution
		{FFE4D7E7-4719-48E6-AE74-68721588DD7A}.Debug|Any CPU.ActiveCfg = Debug|Any CPU
		{FFE4D7E7-4719-48E6-AE74-68721588DD7A}.Debug|Any CPU.Build.0 = Debug|Any CPU
		{FFE4D7E7-4719-48E6-AE74-68721588DD7A}.Release|Any CPU.ActiveCfg = Release|Any CPU
		{FFE4D7E7-4719-48E6-AE74-68721588DD7A}.Release|Any CPU.Build.0 = Release|Any CPU
		{B105B056-DA4D-4A52-9AFE-804CC26E9E5D}.Debug|Any CPU.ActiveCfg = Debug|Any CPU
		{B105B056-DA4D-4A52-9AFE-804CC26E9E5D}.Debug|Any CPU.Build.0 = Debug|Any CPU
		{B105B056-DA4D-4A52-9AFE-804CC26E9E5D}.Release|Any CPU.ActiveCfg = Release|Any CPU
		{B105B056-DA4D-4A52-9AFE-804CC26E9E5D}.Release|Any CPU.Build.0 = Release|Any CPU
		{EFBDB917-8BC2-4007-BD69-25EA25642098}.Debug|Any CPU.ActiveCfg = Debug|Any CPU
		{EFBDB917-8BC2-4007-BD69-25EA25642098}.Debug|Any CPU.Build.0 = Debug|Any CPU
		{EFBDB917-8BC2-4007-BD69-25EA25642098}.Release|Any CPU.ActiveCfg = Release|Any CPU
		{EFBDB917-8BC2-4007-BD69-25EA25642098}.Release|Any CPU.Build.0 = Release|Any CPU
	EndGlobalSection
	GlobalSection(SolutionProperties) = preSolution
		HideSolutionNode = FALSE
	EndGlobalSection
	GlobalSection(ExtensibilityGlobals) = postSolution
		SolutionGuid = {8D51D0E6-D0EC-41E1-B4CD-363C7D1A4633}
	EndGlobalSection
EndGlobal
